Microsoft Visual Studio Solution File, Format Version 12.00
# Visual Studio 2013
VisualStudioVersion = 12.0.21005.1
MinimumVisualStudioVersion = 10.0.40219.1
Project("{8BC9CEB8-8B4A-11D0-8D11-00A0C91BC942}") = "MFCEventWait", "MFCEventWait\MFCEventWait.vcxproj", "{214B4048-3C60-4299-8459-CA27B66DF700}"
EndProject
Project("{8BC9CEB8-8B4A-11D0-8D11-00A0C91BC942}") = "MFCNIDAQRead", "MFCNIDAQRead\MFCNIDAQRead.vcxproj", "{C797F8CE-F992-4E37-96FB-2CF3415CBDC8}"
EndProject
Project("{8BC9CEB8-8B4A-11D0-8D11-00A0C91BC942}") = "MFCSimpleRead", "MFCSimpleRead\MFCSimpleRead.vcxproj", "{8DABBEE5-F40D-45FD-B69D-338CE2CB055D}"
EndProject
Project("{8BC9CEB8-8B4A-11D0-8D11-00A0C91BC942}") = "MFCTimeStampRead", "MFCTimeStampRead\MFCTimeStampRead.vcxproj", "{F9DF5ACE-5002-49A1-946F-AF276655B033}"
EndProject
Project("{8BC9CEB8-8B4A-11D0-8D11-00A0C91BC942}") = "MFCVTRead", "MFCVTRead\MFCVTRead.vcxproj", "{755C2DE0-59F9-4EB1-AFE5-87743232BBDB}"
EndProject
Global
	GlobalSection(SolutionConfigurationPlatforms) = preSolution
		Debug|Win32 = Debug|Win32
		Release|Win32 = Release|Win32
	EndGlobalSection
	GlobalSection(ProjectConfigurationPlatforms) = postSolution
		{214B4048-3C60-4299-8459-CA27B66DF700}.Debug|Win32.ActiveCfg = Debug|Win32
		{214B4048-3C60-4299-8459-CA27B66DF700}.Debug|Win32.Build.0 = Debug|Win32
		{214B4048-3C60-4299-8459-CA27B66DF700}.Release|Win32.ActiveCfg = Release|Win32
		{214B4048-3C60-4299-8459-CA27B66DF700}.Release|Win32.Build.0 = Release|Win32
		{C797F8CE-F992-4E37-96FB-2CF3415CBDC8}.Debug|Win32.ActiveCfg = Debug|Win32
		{C797F8CE-F992-4E37-96FB-2CF3415CBDC8}.Debug|Win32.Build.0 = Debug|Win32
		{C797F8CE-F992-4E37-96FB-2CF3415CBDC8}.Release|Win32.ActiveCfg = Release|Win32
		{C797F8CE-F992-4E37-96FB-2CF3415CBDC8}.Release|Win32.Build.0 = Release|Win32
		{8DABBEE5-F40D-45FD-B69D-338CE2CB055D}.Debug|Win32.ActiveCfg = Debug|Win32
		{8DABBEE5-F40D-45FD-B69D-338CE2CB055D}.Debug|Win32.Build.0 = Debug|Win32
		{8DABBEE5-F40D-45FD-B69D-338CE2CB055D}.Release|Win32.ActiveCfg = Release|Win32
		{8DABBEE5-F40D-45FD-B69D-338CE2CB055D}.Release|Win32.Build.0 = Release|Win32
		{F9DF5ACE-5002-49A1-946F-AF276655B033}.Debug|Win32.ActiveCfg = Debug|Win32
		{F9DF5ACE-5002-49A1-946F-AF276655B033}.Debug|Win32.Build.0 = Debug|Win32
		{F9DF5ACE-5002-49A1-946F-AF276655B033}.Release|Win32.ActiveCfg = Release|Win32
		{F9DF5ACE-5002-49A1-946F-AF276655B033}.Release|Win32.Build.0 = Release|Win32
		{755C2DE0-59F9-4EB1-AFE5-87743232BBDB}.Debug|Win32.ActiveCfg = Debug|Win32
		{755C2DE0-59F9-4EB1-AFE5-87743232BBDB}.Debug|Win32.Build.0 = Debug|Win32
		{755C2DE0-59F9-4EB1-AFE5-87743232BBDB}.Release|Win32.ActiveCfg = Release|Win32
		{755C2DE0-59F9-4EB1-AFE5-87743232BBDB}.Release|Win32.Build.0 = Release|Win32
	EndGlobalSection
	GlobalSection(SolutionProperties) = preSolution
		HideSolutionNode = FALSE
	EndGlobalSection
EndGlobal
